// !$*UTF8*$!
{
	archiveVersion = 1;
	classes = {
	};
	objectVersion = 46;
	objects = {

/* Begin PBXBuildFile section */
		191D78A01567FEAF0052DCDF /* moscowWC2012.pgn in Resources */ = {isa = PBXBuildFile; fileRef = 191D789F1567FEAF0052DCDF /* moscowWC2012.pgn */; };
		191D78A61567FF4A0052DCDF /* CKPGNDatabaseTestCase.m in Sources */ = {isa = PBXBuildFile; fileRef = 191D78A51567FF4A0052DCDF /* CKPGNDatabaseTestCase.m */; };
		191D78C71572D8000052DCDF /* CKGameProvider.h in Headers */ = {isa = PBXBuildFile; fileRef = 191D78C61572D8000052DCDF /* CKGameProvider.h */; };
		191D78CA1572D81A0052DCDF /* CKGameList.h in Headers */ = {isa = PBXBuildFile; fileRef = 191D78C81572D81A0052DCDF /* CKGameList.h */; };
		191D78CB1572D81A0052DCDF /* CKGameList.m in Sources */ = {isa = PBXBuildFile; fileRef = 191D78C91572D81A0052DCDF /* CKGameList.m */; };
		191D78CC1572D81A0052DCDF /* CKGameList.m in Sources */ = {isa = PBXBuildFile; fileRef = 191D78C91572D81A0052DCDF /* CKGameList.m */; };
		191FC2131494415600FB4F8E /* libCoreChess.a in Frameworks */ = {isa = PBXBuildFile; fileRef = 191FC2121494415600FB4F8E /* libCoreChess.a */; };
		191FC2171494417D00FB4F8E /* CKPosition.h in Headers */ = {isa = PBXBuildFile; fileRef = 191FC2151494417D00FB4F8E /* CKPosition.h */; };
		191FC2181494417D00FB4F8E /* CKPosition.m in Sources */ = {isa = PBXBuildFile; fileRef = 191FC2161494417D00FB4F8E /* CKPosition.m */; settings = {COMPILER_FLAGS = ""; }; };
		191FC21B1494419000FB4F8E /* CKMutablePosition.h in Headers */ = {isa = PBXBuildFile; fileRef = 191FC2191494419000FB4F8E /* CKMutablePosition.h */; };
		191FC21C1494419000FB4F8E /* CKMutablePosition.m in Sources */ = {isa = PBXBuildFile; fileRef = 191FC21A1494419000FB4F8E /* CKMutablePosition.m */; settings = {COMPILER_FLAGS = ""; }; };
		191FC227149460A300FB4F8E /* CCBitboard.h in Headers */ = {isa = PBXBuildFile; fileRef = 191FC21E149460A300FB4F8E /* CCBitboard.h */; };
		191FC229149460A300FB4F8E /* CCBoard.h in Headers */ = {isa = PBXBuildFile; fileRef = 191FC220149460A300FB4F8E /* CCBoard.h */; };
		191FC22B149460A300FB4F8E /* CCCastlingRights.h in Headers */ = {isa = PBXBuildFile; fileRef = 191FC222149460A300FB4F8E /* CCCastlingRights.h */; };
		191FC22C149460A300FB4F8E /* CCPiece.h in Headers */ = {isa = PBXBuildFile; fileRef = 191FC223149460A300FB4F8E /* CCPiece.h */; };
		191FC22E149460A300FB4F8E /* CCSquare.h in Headers */ = {isa = PBXBuildFile; fileRef = 191FC225149460A300FB4F8E /* CCSquare.h */; };
		191FC231149460A900FB4F8E /* CoreChess.h in Headers */ = {isa = PBXBuildFile; fileRef = 191FC230149460A900FB4F8E /* CoreChess.h */; };
		191FC2341494625100FB4F8E /* CKMove.h in Headers */ = {isa = PBXBuildFile; fileRef = 191FC2321494625100FB4F8E /* CKMove.h */; };
		191FC2351494625100FB4F8E /* CKMove.m in Sources */ = {isa = PBXBuildFile; fileRef = 191FC2331494625100FB4F8E /* CKMove.m */; settings = {COMPILER_FLAGS = ""; }; };
		191FC24114946ECD00FB4F8E /* CCBoard+MoveGeneration.h in Headers */ = {isa = PBXBuildFile; fileRef = 191FC23F14946ECD00FB4F8E /* CCBoard+MoveGeneration.h */; };
		191FC24514946ED300FB4F8E /* CCBitboard+MoveGeneration.h in Headers */ = {isa = PBXBuildFile; fileRef = 191FC24314946ED300FB4F8E /* CCBitboard+MoveGeneration.h */; };
		191FC24D149472FD00FB4F8E /* CKPosition+Private.h in Headers */ = {isa = PBXBuildFile; fileRef = 191FC24B149472FD00FB4F8E /* CKPosition+Private.h */; };
		191FC24E149472FD00FB4F8E /* CKPosition+Private.m in Sources */ = {isa = PBXBuildFile; fileRef = 191FC24C149472FD00FB4F8E /* CKPosition+Private.m */; settings = {COMPILER_FLAGS = ""; }; };
		1929C29D150BE4D6002A7A49 /* CKDatabase.h in Headers */ = {isa = PBXBuildFile; fileRef = 1929C29B150BE4D6002A7A49 /* CKDatabase.h */; };
		1929C29E150BE4D6002A7A49 /* CKDatabase.m in Sources */ = {isa = PBXBuildFile; fileRef = 1929C29C150BE4D6002A7A49 /* CKDatabase.m */; settings = {COMPILER_FLAGS = ""; }; };
		1929C2A2150BE560002A7A49 /* CKGame.h in Headers */ = {isa = PBXBuildFile; fileRef = 1929C2A0150BE560002A7A49 /* CKGame.h */; };
		1929C2A3150BE560002A7A49 /* CKGame.m in Sources */ = {isa = PBXBuildFile; fileRef = 1929C2A1150BE560002A7A49 /* CKGame.m */; settings = {COMPILER_FLAGS = ""; }; };
		194353A515BB473600C21C55 /* CKFetchRequest.h in Headers */ = {isa = PBXBuildFile; fileRef = 194353A315BB473600C21C55 /* CKFetchRequest.h */; };
		194353A615BB473600C21C55 /* CKFetchRequest.m in Sources */ = {isa = PBXBuildFile; fileRef = 194353A415BB473600C21C55 /* CKFetchRequest.m */; };
		194353A915BB4C2400C21C55 /* CKFetchOperation.h in Headers */ = {isa = PBXBuildFile; fileRef = 194353A715BB4C2400C21C55 /* CKFetchOperation.h */; };
		194353AA15BB4C2400C21C55 /* CKFetchOperation.m in Sources */ = {isa = PBXBuildFile; fileRef = 194353A815BB4C2400C21C55 /* CKFetchOperation.m */; };
		195F99B4154C9F03007C87E1 /* CKPGNTokenizer.h in Headers */ = {isa = PBXBuildFile; fileRef = 195F99B1154C9F03007C87E1 /* CKPGNTokenizer.h */; };
		195F99B5154C9F03007C87E1 /* CKPGNTokenizer.m in Sources */ = {isa = PBXBuildFile; fileRef = 195F99B2154C9F03007C87E1 /* CKPGNTokenizer.m */; };
		195F99B6154C9F03007C87E1 /* Tokens.h in Headers */ = {isa = PBXBuildFile; fileRef = 195F99B3154C9F03007C87E1 /* Tokens.h */; };
		195F99B9154C9F1E007C87E1 /* CKGameTypes.h in Headers */ = {isa = PBXBuildFile; fileRef = 195F99B8154C9F1E007C87E1 /* CKGameTypes.h */; };
		195F99BC154CA0B7007C87E1 /* CKPGNGameBuilder.h in Headers */ = {isa = PBXBuildFile; fileRef = 195F99BA154CA0B7007C87E1 /* CKPGNGameBuilder.h */; };
		195F99BD154CA0B7007C87E1 /* CKPGNGameBuilder.m in Sources */ = {isa = PBXBuildFile; fileRef = 195F99BB154CA0B7007C87E1 /* CKPGNGameBuilder.m */; };
		195F99C0154CA5B2007C87E1 /* CKPGNGameBuilderTestCase.m in Sources */ = {isa = PBXBuildFile; fileRef = 195F99BF154CA5B2007C87E1 /* CKPGNGameBuilderTestCase.m */; };
		195F99C2154CA688007C87E1 /* Sample.pgn in Resources */ = {isa = PBXBuildFile; fileRef = 195F99C1154CA688007C87E1 /* Sample.pgn */; };
		195F99C5154CAEA3007C87E1 /* CKSANHelper.h in Headers */ = {isa = PBXBuildFile; fileRef = 195F99C3154CAEA3007C87E1 /* CKSANHelper.h */; };
		195F99C6154CAEA3007C87E1 /* CKSANHelper.m in Sources */ = {isa = PBXBuildFile; fileRef = 195F99C4154CAEA3007C87E1 /* CKSANHelper.m */; };
		195F99D5154CD5D7007C87E1 /* Variations.pgn in Resources */ = {isa = PBXBuildFile; fileRef = 195F99D4154CD5D7007C87E1 /* Variations.pgn */; };
		1968B1AD1552365B0027DC0E /* CKGameFormatter.h in Headers */ = {isa = PBXBuildFile; fileRef = 1968B1AB1552365B0027DC0E /* CKGameFormatter.h */; };
		1968B1AE1552365B0027DC0E /* CKGameFormatter.m in Sources */ = {isa = PBXBuildFile; fileRef = 1968B1AC1552365B0027DC0E /* CKGameFormatter.m */; };
		199996EF1558A7CE00F437EC /* CoreText.framework in Frameworks */ = {isa = PBXBuildFile; fileRef = 199996EE1558A7CE00F437EC /* CoreText.framework */; };
		199996F21558A86200F437EC /* UIKit.framework in Frameworks */ = {isa = PBXBuildFile; fileRef = 199996F11558A86200F437EC /* UIKit.framework */; };
		199996F31558ACFB00F437EC /* CoreText.framework in Frameworks */ = {isa = PBXBuildFile; fileRef = 199996EE1558A7CE00F437EC /* CoreText.framework */; };
		199996F41558AE2800F437EC /* UIKit.framework in Frameworks */ = {isa = PBXBuildFile; fileRef = 199996F11558A86200F437EC /* UIKit.framework */; };
		199A5125154641B6008FC3E7 /* CKFENHelper.h in Headers */ = {isa = PBXBuildFile; fileRef = 199A5123154641B6008FC3E7 /* CKFENHelper.h */; };
		199A5126154641B6008FC3E7 /* CKFENHelper.m in Sources */ = {isa = PBXBuildFile; fileRef = 199A5124154641B6008FC3E7 /* CKFENHelper.m */; settings = {COMPILER_FLAGS = ""; }; };
		199A5168154C5918008FC3E7 /* FENTestCase.m in Sources */ = {isa = PBXBuildFile; fileRef = 199A5167154C5918008FC3E7 /* FENTestCase.m */; };
		199A516C154C673D008FC3E7 /* PositionTestCase.m in Sources */ = {isa = PBXBuildFile; fileRef = 199A516B154C673D008FC3E7 /* PositionTestCase.m */; };
		19C3584C15BB23BD002A8CB8 /* NSString+FileEncoding.h in Headers */ = {isa = PBXBuildFile; fileRef = 19C3584A15BB23BD002A8CB8 /* NSString+FileEncoding.h */; };
		19C3584D15BB23BD002A8CB8 /* NSString+FileEncoding.m in Sources */ = {isa = PBXBuildFile; fileRef = 19C3584B15BB23BD002A8CB8 /* NSString+FileEncoding.m */; };
		19C3584F15BB30CA002A8CB8 /* TestBlackEnPassant.pgn in Resources */ = {isa = PBXBuildFile; fileRef = 19C3584E15BB30CA002A8CB8 /* TestBlackEnPassant.pgn */; };
		19F2777C146DAAE700B58AB1 /* Foundation.framework in Frameworks */ = {isa = PBXBuildFile; fileRef = 19F2777B146DAAE700B58AB1 /* Foundation.framework */; };
		19F2778A146DAAE700B58AB1 /* SenTestingKit.framework in Frameworks */ = {isa = PBXBuildFile; fileRef = 19F27789146DAAE700B58AB1 /* SenTestingKit.framework */; };
		19F2778D146DAAE700B58AB1 /* Foundation.framework in Frameworks */ = {isa = PBXBuildFile; fileRef = 19F2777B146DAAE700B58AB1 /* Foundation.framework */; };
		19F27790146DAAE700B58AB1 /* libChessKit.a in Frameworks */ = {isa = PBXBuildFile; fileRef = 19F27778146DAAE700B58AB1 /* libChessKit.a */; };
		19F27796146DAAE700B58AB1 /* InfoPlist.strings in Resources */ = {isa = PBXBuildFile; fileRef = 19F27794146DAAE700B58AB1 /* InfoPlist.strings */; };
		19F27799146DAAE700B58AB1 /* ChessKitTests.m in Sources */ = {isa = PBXBuildFile; fileRef = 19F27798146DAAE700B58AB1 /* ChessKitTests.m */; };
		19FF470115446F7000A7C545 /* CKGameTree.h in Headers */ = {isa = PBXBuildFile; fileRef = 19FF46FF15446F7000A7C545 /* CKGameTree.h */; };
		19FF470215446F7000A7C545 /* CKGameTree.m in Sources */ = {isa = PBXBuildFile; fileRef = 19FF470015446F7000A7C545 /* CKGameTree.m */; settings = {COMPILER_FLAGS = ""; }; };
		19FF47121544820D00A7C545 /* CKGameTreeEnumerator.h in Headers */ = {isa = PBXBuildFile; fileRef = 19FF47101544820D00A7C545 /* CKGameTreeEnumerator.h */; };
		19FF47131544820D00A7C545 /* CKGameTreeEnumerator.m in Sources */ = {isa = PBXBuildFile; fileRef = 19FF47111544820D00A7C545 /* CKGameTreeEnumerator.m */; settings = {COMPILER_FLAGS = ""; }; };
		19FF471815449BB400A7C545 /* CKPGNDatabase.h in Headers */ = {isa = PBXBuildFile; fileRef = 19FF471615449BB400A7C545 /* CKPGNDatabase.h */; };
		19FF471915449BB400A7C545 /* CKPGNDatabase.m in Sources */ = {isa = PBXBuildFile; fileRef = 19FF471715449BB400A7C545 /* CKPGNDatabase.m */; settings = {COMPILER_FLAGS = ""; }; };
		19FF471B1544A0AD00A7C545 /* 2500.pgn in Resources */ = {isa = PBXBuildFile; fileRef = 19FF471A1544A0AD00A7C545 /* 2500.pgn */; };
		19FF47861544AAA200A7C545 /* twic910.pgn in Resources */ = {isa = PBXBuildFile; fileRef = 19FF47851544AAA200A7C545 /* twic910.pgn */; };
/* End PBXBuildFile section */

/* Begin PBXContainerItemProxy section */
		191291151559EFCB006F02B2 /* PBXContainerItemProxy */ = {
			isa = PBXContainerItemProxy;
			containerPortal = 191291101559EFCB006F02B2 /* CoreChess.xcodeproj */;
			proxyType = 2;
			remoteGlobalIDString = 19F27743146DAA7200B58AB1;
			remoteInfo = CoreChess;
		};
		191291171559EFCB006F02B2 /* PBXContainerItemProxy */ = {
			isa = PBXContainerItemProxy;
			containerPortal = 191291101559EFCB006F02B2 /* CoreChess.xcodeproj */;
			proxyType = 2;
			remoteGlobalIDString = 19F27753146DAA7200B58AB1;
			remoteInfo = CoreChessTests;
		};
		19F2778E146DAAE700B58AB1 /* PBXContainerItemProxy */ = {
			isa = PBXContainerItemProxy;
			containerPortal = 19F2776F146DAAE700B58AB1 /* Project object */;
			proxyType = 1;
			remoteGlobalIDString = 19F27777146DAAE700B58AB1;
			remoteInfo = ChessKit;
		};
/* End PBXContainerItemProxy section */

/* Begin PBXFileReference section */
		191291101559EFCB006F02B2 /* CoreChess.xcodeproj */ = {isa = PBXFileReference; lastKnownFileType = "wrapper.pb-project"; name = CoreChess.xcodeproj; path = ../CoreChess/CoreChess.xcodeproj; sourceTree = "<group>"; };
		191D789F1567FEAF0052DCDF /* moscowWC2012.pgn */ = {isa = PBXFileReference; fileEncoding = 4; lastKnownFileType = text; name = moscowWC2012.pgn; path = Resources/moscowWC2012.pgn; sourceTree = "<group>"; };
		191D78A41567FF4A0052DCDF /* CKPGNDatabaseTestCase.h */ = {isa = PBXFileReference; fileEncoding = 4; lastKnownFileType = sourcecode.c.h; path = CKPGNDatabaseTestCase.h; sourceTree = "<group>"; };
		191D78A51567FF4A0052DCDF /* CKPGNDatabaseTestCase.m */ = {isa = PBXFileReference; fileEncoding = 4; lastKnownFileType = sourcecode.c.objc; path = CKPGNDatabaseTestCase.m; sourceTree = "<group>"; };
		191D78C61572D8000052DCDF /* CKGameProvider.h */ = {isa = PBXFileReference; fileEncoding = 4; lastKnownFileType = sourcecode.c.h; path = CKGameProvider.h; sourceTree = "<group>"; };
		191D78C81572D81A0052DCDF /* CKGameList.h */ = {isa = PBXFileReference; fileEncoding = 4; lastKnownFileType = sourcecode.c.h; path = CKGameList.h; sourceTree = "<group>"; };
		191D78C91572D81A0052DCDF /* CKGameList.m */ = {isa = PBXFileReference; fileEncoding = 4; lastKnownFileType = sourcecode.c.objc; path = CKGameList.m; sourceTree = "<group>"; };
		191FC2121494415600FB4F8E /* libCoreChess.a */ = {isa = PBXFileReference; lastKnownFileType = archive.ar; name = libCoreChess.a; path = "../CoreChess/build/Release-iphoneos/libCoreChess.a"; sourceTree = "<group>"; };
		191FC2151494417D00FB4F8E /* CKPosition.h */ = {isa = PBXFileReference; fileEncoding = 4; lastKnownFileType = sourcecode.c.h; path = CKPosition.h; sourceTree = "<group>"; };
		191FC2161494417D00FB4F8E /* CKPosition.m */ = {isa = PBXFileReference; fileEncoding = 4; lastKnownFileType = sourcecode.c.objc; path = CKPosition.m; sourceTree = "<group>"; };
		191FC2191494419000FB4F8E /* CKMutablePosition.h */ = {isa = PBXFileReference; fileEncoding = 4; lastKnownFileType = sourcecode.c.h; path = CKMutablePosition.h; sourceTree = "<group>"; };
		191FC21A1494419000FB4F8E /* CKMutablePosition.m */ = {isa = PBXFileReference; fileEncoding = 4; lastKnownFileType = sourcecode.c.objc; path = CKMutablePosition.m; sourceTree = "<group>"; };
		191FC21E149460A300FB4F8E /* CCBitboard.h */ = {isa = PBXFileReference; fileEncoding = 4; lastKnownFileType = sourcecode.c.h; path = CCBitboard.h; sourceTree = "<group>"; };
		191FC220149460A300FB4F8E /* CCBoard.h */ = {isa = PBXFileReference; fileEncoding = 4; lastKnownFileType = sourcecode.c.h; path = CCBoard.h; sourceTree = "<group>"; };
		191FC222149460A300FB4F8E /* CCCastlingRights.h */ = {isa = PBXFileReference; fileEncoding = 4; lastKnownFileType = sourcecode.c.h; path = CCCastlingRights.h; sourceTree = "<group>"; };
		191FC223149460A300FB4F8E /* CCPiece.h */ = {isa = PBXFileReference; fileEncoding = 4; lastKnownFileType = sourcecode.c.h; path = CCPiece.h; sourceTree = "<group>"; };
		191FC225149460A300FB4F8E /* CCSquare.h */ = {isa = PBXFileReference; fileEncoding = 4; lastKnownFileType = sourcecode.c.h; path = CCSquare.h; sourceTree = "<group>"; };
		191FC230149460A900FB4F8E /* CoreChess.h */ = {isa = PBXFileReference; fileEncoding = 4; lastKnownFileType = sourcecode.c.h; name = CoreChess.h; path = ../CoreChess.h; sourceTree = "<group>"; };
		191FC2321494625100FB4F8E /* CKMove.h */ = {isa = PBXFileReference; fileEncoding = 4; lastKnownFileType = sourcecode.c.h; path = CKMove.h; sourceTree = "<group>"; };
		191FC2331494625100FB4F8E /* CKMove.m */ = {isa = PBXFileReference; fileEncoding = 4; lastKnownFileType = sourcecode.c.objc; path = CKMove.m; sourceTree = "<group>"; };
		191FC23F14946ECD00FB4F8E /* CCBoard+MoveGeneration.h */ = {isa = PBXFileReference; fileEncoding = 4; lastKnownFileType = sourcecode.c.h; path = "CCBoard+MoveGeneration.h"; sourceTree = "<group>"; };
		191FC24314946ED300FB4F8E /* CCBitboard+MoveGeneration.h */ = {isa = PBXFileReference; fileEncoding = 4; lastKnownFileType = sourcecode.c.h; path = "CCBitboard+MoveGeneration.h"; sourceTree = "<group>"; };
		191FC24B149472FD00FB4F8E /* CKPosition+Private.h */ = {isa = PBXFileReference; fileEncoding = 4; lastKnownFileType = sourcecode.c.h; name = "CKPosition+Private.h"; path = "ChessKit/CKPosition+Private.h"; sourceTree = SOURCE_ROOT; };
		191FC24C149472FD00FB4F8E /* CKPosition+Private.m */ = {isa = PBXFileReference; fileEncoding = 4; lastKnownFileType = sourcecode.c.objc; name = "CKPosition+Private.m"; path = "ChessKit/CKPosition+Private.m"; sourceTree = SOURCE_ROOT; };
		1929C29B150BE4D6002A7A49 /* CKDatabase.h */ = {isa = PBXFileReference; fileEncoding = 4; lastKnownFileType = sourcecode.c.h; path = CKDatabase.h; sourceTree = "<group>"; };
		1929C29C150BE4D6002A7A49 /* CKDatabase.m */ = {isa = PBXFileReference; fileEncoding = 4; lastKnownFileType = sourcecode.c.objc; path = CKDatabase.m; sourceTree = "<group>"; };
		1929C2A0150BE560002A7A49 /* CKGame.h */ = {isa = PBXFileReference; fileEncoding = 4; lastKnownFileType = sourcecode.c.h; path = CKGame.h; sourceTree = "<group>"; };
		1929C2A1150BE560002A7A49 /* CKGame.m */ = {isa = PBXFileReference; fileEncoding = 4; lastKnownFileType = sourcecode.c.objc; path = CKGame.m; sourceTree = "<group>"; };
		194353A315BB473600C21C55 /* CKFetchRequest.h */ = {isa = PBXFileReference; fileEncoding = 4; lastKnownFileType = sourcecode.c.h; name = CKFetchRequest.h; path = Search/CKFetchRequest.h; sourceTree = "<group>"; };
		194353A415BB473600C21C55 /* CKFetchRequest.m */ = {isa = PBXFileReference; fileEncoding = 4; lastKnownFileType = sourcecode.c.objc; name = CKFetchRequest.m; path = Search/CKFetchRequest.m; sourceTree = "<group>"; };
		194353A715BB4C2400C21C55 /* CKFetchOperation.h */ = {isa = PBXFileReference; fileEncoding = 4; lastKnownFileType = sourcecode.c.h; name = CKFetchOperation.h; path = Search/CKFetchOperation.h; sourceTree = "<group>"; };
		194353A815BB4C2400C21C55 /* CKFetchOperation.m */ = {isa = PBXFileReference; fileEncoding = 4; lastKnownFileType = sourcecode.c.objc; name = CKFetchOperation.m; path = Search/CKFetchOperation.m; sourceTree = "<group>"; };
		195F99B1154C9F03007C87E1 /* CKPGNTokenizer.h */ = {isa = PBXFileReference; fileEncoding = 4; lastKnownFileType = sourcecode.c.h; name = CKPGNTokenizer.h; path = PGN/CKPGNTokenizer.h; sourceTree = "<group>"; };
		195F99B2154C9F03007C87E1 /* CKPGNTokenizer.m */ = {isa = PBXFileReference; fileEncoding = 4; lastKnownFileType = sourcecode.c.objc; name = CKPGNTokenizer.m; path = PGN/CKPGNTokenizer.m; sourceTree = "<group>"; };
		195F99B3154C9F03007C87E1 /* Tokens.h */ = {isa = PBXFileReference; fileEncoding = 4; lastKnownFileType = sourcecode.c.h; name = Tokens.h; path = PGN/Tokens.h; sourceTree = "<group>"; };
		195F99B8154C9F1E007C87E1 /* CKGameTypes.h */ = {isa = PBXFileReference; fileEncoding = 4; lastKnownFileType = sourcecode.c.h; path = CKGameTypes.h; sourceTree = "<group>"; };
		195F99BA154CA0B7007C87E1 /* CKPGNGameBuilder.h */ = {isa = PBXFileReference; fileEncoding = 4; lastKnownFileType = sourcecode.c.h; name = CKPGNGameBuilder.h; path = PGN/CKPGNGameBuilder.h; sourceTree = "<group>"; };
		195F99BB154CA0B7007C87E1 /* CKPGNGameBuilder.m */ = {isa = PBXFileReference; fileEncoding = 4; lastKnownFileType = sourcecode.c.objc; name = CKPGNGameBuilder.m; path = PGN/CKPGNGameBuilder.m; sourceTree = "<group>"; };
		195F99BE154CA5B2007C87E1 /* CKPGNGameBuilderTestCase.h */ = {isa = PBXFileReference; fileEncoding = 4; lastKnownFileType = sourcecode.c.h; path = CKPGNGameBuilderTestCase.h; sourceTree = "<group>"; };
		195F99BF154CA5B2007C87E1 /* CKPGNGameBuilderTestCase.m */ = {isa = PBXFileReference; fileEncoding = 4; lastKnownFileType = sourcecode.c.objc; path = CKPGNGameBuilderTestCase.m; sourceTree = "<group>"; };
		195F99C1154CA688007C87E1 /* Sample.pgn */ = {isa = PBXFileReference; fileEncoding = 4; lastKnownFileType = text; path = Sample.pgn; sourceTree = "<group>"; };
		195F99C3154CAEA3007C87E1 /* CKSANHelper.h */ = {isa = PBXFileReference; fileEncoding = 4; lastKnownFileType = sourcecode.c.h; name = CKSANHelper.h; path = PGN/CKSANHelper.h; sourceTree = "<group>"; };
		195F99C4154CAEA3007C87E1 /* CKSANHelper.m */ = {isa = PBXFileReference; fileEncoding = 4; lastKnownFileType = sourcecode.c.objc; name = CKSANHelper.m; path = PGN/CKSANHelper.m; sourceTree = "<group>"; };
		195F99D4154CD5D7007C87E1 /* Variations.pgn */ = {isa = PBXFileReference; fileEncoding = 4; lastKnownFileType = text; name = Variations.pgn; path = Resources/Variations.pgn; sourceTree = "<group>"; };
		1968B1AB1552365B0027DC0E /* CKGameFormatter.h */ = {isa = PBXFileReference; fileEncoding = 4; lastKnownFileType = sourcecode.c.h; path = CKGameFormatter.h; sourceTree = "<group>"; };
		1968B1AC1552365B0027DC0E /* CKGameFormatter.m */ = {isa = PBXFileReference; fileEncoding = 4; lastKnownFileType = sourcecode.c.objc; path = CKGameFormatter.m; sourceTree = "<group>"; };
		199996EE1558A7CE00F437EC /* CoreText.framework */ = {isa = PBXFileReference; lastKnownFileType = wrapper.framework; name = CoreText.framework; path = System/Library/Frameworks/CoreText.framework; sourceTree = SDKROOT; };
		199996F11558A86200F437EC /* UIKit.framework */ = {isa = PBXFileReference; lastKnownFileType = wrapper.framework; name = UIKit.framework; path = System/Library/Frameworks/UIKit.framework; sourceTree = SDKROOT; };
		199A5123154641B6008FC3E7 /* CKFENHelper.h */ = {isa = PBXFileReference; fileEncoding = 4; lastKnownFileType = sourcecode.c.h; path = CKFENHelper.h; sourceTree = "<group>"; };
		199A5124154641B6008FC3E7 /* CKFENHelper.m */ = {isa = PBXFileReference; fileEncoding = 4; lastKnownFileType = sourcecode.c.objc; path = CKFENHelper.m; sourceTree = "<group>"; };
		199A5166154C5918008FC3E7 /* FENTestCase.h */ = {isa = PBXFileReference; fileEncoding = 4; lastKnownFileType = sourcecode.c.h; path = FENTestCase.h; sourceTree = "<group>"; };
		199A5167154C5918008FC3E7 /* FENTestCase.m */ = {isa = PBXFileReference; fileEncoding = 4; lastKnownFileType = sourcecode.c.objc; path = FENTestCase.m; sourceTree = "<group>"; };
		199A516A154C673D008FC3E7 /* PositionTestCase.h */ = {isa = PBXFileReference; fileEncoding = 4; lastKnownFileType = sourcecode.c.h; path = PositionTestCase.h; sourceTree = "<group>"; };
		199A516B154C673D008FC3E7 /* PositionTestCase.m */ = {isa = PBXFileReference; fileEncoding = 4; lastKnownFileType = sourcecode.c.objc; path = PositionTestCase.m; sourceTree = "<group>"; };
		19C3584A15BB23BD002A8CB8 /* NSString+FileEncoding.h */ = {isa = PBXFileReference; fileEncoding = 4; lastKnownFileType = sourcecode.c.h; name = "NSString+FileEncoding.h"; path = "Utilities/NSString+FileEncoding.h"; sourceTree = "<group>"; };
		19C3584B15BB23BD002A8CB8 /* NSString+FileEncoding.m */ = {isa = PBXFileReference; fileEncoding = 4; lastKnownFileType = sourcecode.c.objc; name = "NSString+FileEncoding.m"; path = "Utilities/NSString+FileEncoding.m"; sourceTree = "<group>"; };
		19C3584E15BB30CA002A8CB8 /* TestBlackEnPassant.pgn */ = {isa = PBXFileReference; fileEncoding = 4; lastKnownFileType = text; name = TestBlackEnPassant.pgn; path = Resources/TestBlackEnPassant.pgn; sourceTree = "<group>"; };
		19F27778146DAAE700B58AB1 /* libChessKit.a */ = {isa = PBXFileReference; explicitFileType = archive.ar; includeInIndex = 0; path = libChessKit.a; sourceTree = BUILT_PRODUCTS_DIR; };
		19F2777B146DAAE700B58AB1 /* Foundation.framework */ = {isa = PBXFileReference; lastKnownFileType = wrapper.framework; name = Foundation.framework; path = System/Library/Frameworks/Foundation.framework; sourceTree = SDKROOT; };
		19F2777F146DAAE700B58AB1 /* ChessKit-Prefix.pch */ = {isa = PBXFileReference; lastKnownFileType = sourcecode.c.h; path = "ChessKit-Prefix.pch"; sourceTree = "<group>"; };
		19F27780146DAAE700B58AB1 /* ChessKit.h */ = {isa = PBXFileReference; lastKnownFileType = sourcecode.c.h; name = ChessKit.h; path = ChessKit/ChessKit.h; sourceTree = SOURCE_ROOT; };
		19F27788146DAAE700B58AB1 /* ChessKitTests.octest */ = {isa = PBXFileReference; explicitFileType = wrapper.cfbundle; includeInIndex = 0; path = ChessKitTests.octest; sourceTree = BUILT_PRODUCTS_DIR; };
		19F27789146DAAE700B58AB1 /* SenTestingKit.framework */ = {isa = PBXFileReference; lastKnownFileType = wrapper.framework; name = SenTestingKit.framework; path = Library/Frameworks/SenTestingKit.framework; sourceTree = DEVELOPER_DIR; };
		19F27793146DAAE700B58AB1 /* ChessKitTests-Info.plist */ = {isa = PBXFileReference; lastKnownFileType = text.plist.xml; path = "ChessKitTests-Info.plist"; sourceTree = "<group>"; };
		19F27795146DAAE700B58AB1 /* en */ = {isa = PBXFileReference; lastKnownFileType = text.plist.strings; name = en; path = en.lproj/InfoPlist.strings; sourceTree = "<group>"; };
		19F27797146DAAE700B58AB1 /* ChessKitTests.h */ = {isa = PBXFileReference; lastKnownFileType = sourcecode.c.h; path = ChessKitTests.h; sourceTree = "<group>"; };
		19F27798146DAAE700B58AB1 /* ChessKitTests.m */ = {isa = PBXFileReference; lastKnownFileType = sourcecode.c.objc; path = ChessKitTests.m; sourceTree = "<group>"; };
		19FF46FF15446F7000A7C545 /* CKGameTree.h */ = {isa = PBXFileReference; fileEncoding = 4; lastKnownFileType = sourcecode.c.h; name = CKGameTree.h; path = ChessKit/CKGameTree.h; sourceTree = SOURCE_ROOT; };
		19FF470015446F7000A7C545 /* CKGameTree.m */ = {isa = PBXFileReference; fileEncoding = 4; lastKnownFileType = sourcecode.c.objc; name = CKGameTree.m; path = ChessKit/CKGameTree.m; sourceTree = SOURCE_ROOT; };
		19FF47101544820D00A7C545 /* CKGameTreeEnumerator.h */ = {isa = PBXFileReference; fileEncoding = 4; lastKnownFileType = sourcecode.c.h; path = CKGameTreeEnumerator.h; sourceTree = "<group>"; };
		19FF47111544820D00A7C545 /* CKGameTreeEnumerator.m */ = {isa = PBXFileReference; fileEncoding = 4; lastKnownFileType = sourcecode.c.objc; path = CKGameTreeEnumerator.m; sourceTree = "<group>"; };
		19FF471615449BB400A7C545 /* CKPGNDatabase.h */ = {isa = PBXFileReference; fileEncoding = 4; lastKnownFileType = sourcecode.c.h; name = CKPGNDatabase.h; path = PGN/CKPGNDatabase.h; sourceTree = "<group>"; };
		19FF471715449BB400A7C545 /* CKPGNDatabase.m */ = {isa = PBXFileReference; fileEncoding = 4; lastKnownFileType = sourcecode.c.objc; name = CKPGNDatabase.m; path = PGN/CKPGNDatabase.m; sourceTree = "<group>"; };
		19FF471A1544A0AD00A7C545 /* 2500.pgn */ = {isa = PBXFileReference; fileEncoding = 4; lastKnownFileType = text; path = 2500.pgn; sourceTree = "<group>"; };
		19FF47851544AAA200A7C545 /* twic910.pgn */ = {isa = PBXFileReference; fileEncoding = 4; lastKnownFileType = text; path = twic910.pgn; sourceTree = "<group>"; };
/* End PBXFileReference section */

/* Begin PBXFrameworksBuildPhase section */
		19F27775146DAAE700B58AB1 /* Frameworks */ = {
			isa = PBXFrameworksBuildPhase;
			buildActionMask = 2147483647;
			files = (
				199996F21558A86200F437EC /* UIKit.framework in Frameworks */,
				199996EF1558A7CE00F437EC /* CoreText.framework in Frameworks */,
				191FC2131494415600FB4F8E /* libCoreChess.a in Frameworks */,
				19F2777C146DAAE700B58AB1 /* Foundation.framework in Frameworks */,
			);
			runOnlyForDeploymentPostprocessing = 0;
		};
		19F27784146DAAE700B58AB1 /* Frameworks */ = {
			isa = PBXFrameworksBuildPhase;
			buildActionMask = 2147483647;
			files = (
				199996F41558AE2800F437EC /* UIKit.framework in Frameworks */,
				199996F31558ACFB00F437EC /* CoreText.framework in Frameworks */,
				19F2778A146DAAE700B58AB1 /* SenTestingKit.framework in Frameworks */,
				19F2778D146DAAE700B58AB1 /* Foundation.framework in Frameworks */,
				19F27790146DAAE700B58AB1 /* libChessKit.a in Frameworks */,
			);
			runOnlyForDeploymentPostprocessing = 0;
		};
/* End PBXFrameworksBuildPhase section */

/* Begin PBXGroup section */
		191291111559EFCB006F02B2 /* Products */ = {
			isa = PBXGroup;
			children = (
				191291161559EFCB006F02B2 /* libCoreChess.a */,
				191291181559EFCB006F02B2 /* CoreChessTests.octest */,
			);
			name = Products;
			sourceTree = "<group>";
		};
		191FC21D149460A300FB4F8E /* CoreChess */ = {
			isa = PBXGroup;
			children = (
				191FC230149460A900FB4F8E /* CoreChess.h */,
				191FC21E149460A300FB4F8E /* CCBitboard.h */,
				191FC220149460A300FB4F8E /* CCBoard.h */,
				191FC222149460A300FB4F8E /* CCCastlingRights.h */,
				191FC223149460A300FB4F8E /* CCPiece.h */,
				191FC225149460A300FB4F8E /* CCSquare.h */,
				191FC23F14946ECD00FB4F8E /* CCBoard+MoveGeneration.h */,
				191FC24314946ED300FB4F8E /* CCBitboard+MoveGeneration.h */,
				191FC24B149472FD00FB4F8E /* CKPosition+Private.h */,
				191FC24C149472FD00FB4F8E /* CKPosition+Private.m */,
				19FF46FF15446F7000A7C545 /* CKGameTree.h */,
				19FF470015446F7000A7C545 /* CKGameTree.m */,
			);
			name = CoreChess;
			path = ../../CoreChess/CoreChess/CoreChess;
			sourceTree = "<group>";
		};
		1943539F15BB472100C21C55 /* Search */ = {
			isa = PBXGroup;
			children = (
				194353A315BB473600C21C55 /* CKFetchRequest.h */,
				194353A415BB473600C21C55 /* CKFetchRequest.m */,
				194353A715BB4C2400C21C55 /* CKFetchOperation.h */,
				194353A815BB4C2400C21C55 /* CKFetchOperation.m */,
			);
			name = Search;
			sourceTree = "<group>";
		};
		199A5121154641A4008FC3E7 /* FEN */ = {
			isa = PBXGroup;
			children = (
				199A5123154641B6008FC3E7 /* CKFENHelper.h */,
				199A5124154641B6008FC3E7 /* CKFENHelper.m */,
			);
			name = FEN;
			sourceTree = "<group>";
		};
		19C3584615BB2394002A8CB8 /* Utilities */ = {
			isa = PBXGroup;
			children = (
				19C3584A15BB23BD002A8CB8 /* NSString+FileEncoding.h */,
				19C3584B15BB23BD002A8CB8 /* NSString+FileEncoding.m */,
			);
			name = Utilities;
			sourceTree = "<group>";
		};
		19F2776D146DAAE700B58AB1 = {
			isa = PBXGroup;
			children = (
				191FC2121494415600FB4F8E /* libCoreChess.a */,
				191291101559EFCB006F02B2 /* CoreChess.xcodeproj */,
				19F2777D146DAAE700B58AB1 /* ChessKit */,
				19F27791146DAAE700B58AB1 /* ChessKitTests */,
				19F2777A146DAAE700B58AB1 /* Frameworks */,
				19F27779146DAAE700B58AB1 /* Products */,
			);
			sourceTree = "<group>";
		};
		19F27779146DAAE700B58AB1 /* Products */ = {
			isa = PBXGroup;
			children = (
				19F27778146DAAE700B58AB1 /* libChessKit.a */,
				19F27788146DAAE700B58AB1 /* ChessKitTests.octest */,
			);
			name = Products;
			sourceTree = "<group>";
		};
		19F2777A146DAAE700B58AB1 /* Frameworks */ = {
			isa = PBXGroup;
			children = (
				199996F11558A86200F437EC /* UIKit.framework */,
				199996EE1558A7CE00F437EC /* CoreText.framework */,
				19F2777B146DAAE700B58AB1 /* Foundation.framework */,
				19F27789146DAAE700B58AB1 /* SenTestingKit.framework */,
			);
			name = Frameworks;
			sourceTree = "<group>";
		};
		19F2777D146DAAE700B58AB1 /* ChessKit */ = {
			isa = PBXGroup;
			children = (
				1943539F15BB472100C21C55 /* Search */,
				19C3584615BB2394002A8CB8 /* Utilities */,
				195F99B8154C9F1E007C87E1 /* CKGameTypes.h */,
				199A5121154641A4008FC3E7 /* FEN */,
				19FF471515449B8800A7C545 /* PGN */,
				191FC21D149460A300FB4F8E /* CoreChess */,
				191FC2151494417D00FB4F8E /* CKPosition.h */,
				191FC2161494417D00FB4F8E /* CKPosition.m */,
				191FC2191494419000FB4F8E /* CKMutablePosition.h */,
				191FC21A1494419000FB4F8E /* CKMutablePosition.m */,
				19F27780146DAAE700B58AB1 /* ChessKit.h */,
				19F2777E146DAAE700B58AB1 /* Supporting Files */,
				191FC2321494625100FB4F8E /* CKMove.h */,
				191FC2331494625100FB4F8E /* CKMove.m */,
				1929C29B150BE4D6002A7A49 /* CKDatabase.h */,
				1929C29C150BE4D6002A7A49 /* CKDatabase.m */,
				1929C2A0150BE560002A7A49 /* CKGame.h */,
				1929C2A1150BE560002A7A49 /* CKGame.m */,
				19FF47101544820D00A7C545 /* CKGameTreeEnumerator.h */,
				19FF47111544820D00A7C545 /* CKGameTreeEnumerator.m */,
				1968B1AB1552365B0027DC0E /* CKGameFormatter.h */,
				1968B1AC1552365B0027DC0E /* CKGameFormatter.m */,
				191D78C61572D8000052DCDF /* CKGameProvider.h */,
				191D78C81572D81A0052DCDF /* CKGameList.h */,
				191D78C91572D81A0052DCDF /* CKGameList.m */,
			);
			path = ChessKit;
			sourceTree = "<group>";
		};
		19F2777E146DAAE700B58AB1 /* Supporting Files */ = {
			isa = PBXGroup;
			children = (
				19F2777F146DAAE700B58AB1 /* ChessKit-Prefix.pch */,
			);
			name = "Supporting Files";
			sourceTree = "<group>";
		};
		19F27791146DAAE700B58AB1 /* ChessKitTests */ = {
			isa = PBXGroup;
			children = (
				19FF47841544AA8700A7C545 /* New Group */,
				19F27797146DAAE700B58AB1 /* ChessKitTests.h */,
				19F27798146DAAE700B58AB1 /* ChessKitTests.m */,
				191D78A41567FF4A0052DCDF /* CKPGNDatabaseTestCase.h */,
				191D78A51567FF4A0052DCDF /* CKPGNDatabaseTestCase.m */,
				19F27792146DAAE700B58AB1 /* Supporting Files */,
				199A5166154C5918008FC3E7 /* FENTestCase.h */,
				199A5167154C5918008FC3E7 /* FENTestCase.m */,
				199A516A154C673D008FC3E7 /* PositionTestCase.h */,
				199A516B154C673D008FC3E7 /* PositionTestCase.m */,
				195F99BE154CA5B2007C87E1 /* CKPGNGameBuilderTestCase.h */,
				195F99BF154CA5B2007C87E1 /* CKPGNGameBuilderTestCase.m */,
			);
			path = ChessKitTests;
			sourceTree = "<group>";
		};
		19F27792146DAAE700B58AB1 /* Supporting Files */ = {
			isa = PBXGroup;
			children = (
				19F27793146DAAE700B58AB1 /* ChessKitTests-Info.plist */,
				19F27794146DAAE700B58AB1 /* InfoPlist.strings */,
			);
			name = "Supporting Files";
			sourceTree = "<group>";
		};
		19FF471515449B8800A7C545 /* PGN */ = {
			isa = PBXGroup;
			children = (
				195F99C3154CAEA3007C87E1 /* CKSANHelper.h */,
				195F99C4154CAEA3007C87E1 /* CKSANHelper.m */,
				195F99B1154C9F03007C87E1 /* CKPGNTokenizer.h */,
				195F99B2154C9F03007C87E1 /* CKPGNTokenizer.m */,
				195F99B3154C9F03007C87E1 /* Tokens.h */,
				19FF471615449BB400A7C545 /* CKPGNDatabase.h */,
				19FF471715449BB400A7C545 /* CKPGNDatabase.m */,
				195F99BA154CA0B7007C87E1 /* CKPGNGameBuilder.h */,
				195F99BB154CA0B7007C87E1 /* CKPGNGameBuilder.m */,
			);
			name = PGN;
			sourceTree = "<group>";
		};
		19FF47841544AA8700A7C545 /* New Group */ = {
			isa = PBXGroup;
			children = (
				191D789F1567FEAF0052DCDF /* moscowWC2012.pgn */,
				19FF47851544AAA200A7C545 /* twic910.pgn */,
				19FF471A1544A0AD00A7C545 /* 2500.pgn */,
				195F99C1154CA688007C87E1 /* Sample.pgn */,
				195F99D4154CD5D7007C87E1 /* Variations.pgn */,
				19C3584E15BB30CA002A8CB8 /* TestBlackEnPassant.pgn */,
			);
			name = "New Group";
			sourceTree = "<group>";
		};
/* End PBXGroup section */

/* Begin PBXHeadersBuildPhase section */
		19F27776146DAAE700B58AB1 /* Headers */ = {
			isa = PBXHeadersBuildPhase;
			buildActionMask = 2147483647;
			files = (
				191FC2171494417D00FB4F8E /* CKPosition.h in Headers */,
				191FC21B1494419000FB4F8E /* CKMutablePosition.h in Headers */,
				191FC227149460A300FB4F8E /* CCBitboard.h in Headers */,
				191FC229149460A300FB4F8E /* CCBoard.h in Headers */,
				191FC22B149460A300FB4F8E /* CCCastlingRights.h in Headers */,
				191FC22C149460A300FB4F8E /* CCPiece.h in Headers */,
				191FC22E149460A300FB4F8E /* CCSquare.h in Headers */,
				191FC231149460A900FB4F8E /* CoreChess.h in Headers */,
				191FC2341494625100FB4F8E /* CKMove.h in Headers */,
				191FC24114946ECD00FB4F8E /* CCBoard+MoveGeneration.h in Headers */,
				191FC24514946ED300FB4F8E /* CCBitboard+MoveGeneration.h in Headers */,
				191FC24D149472FD00FB4F8E /* CKPosition+Private.h in Headers */,
				1929C29D150BE4D6002A7A49 /* CKDatabase.h in Headers */,
				1929C2A2150BE560002A7A49 /* CKGame.h in Headers */,
				19FF470115446F7000A7C545 /* CKGameTree.h in Headers */,
				19FF47121544820D00A7C545 /* CKGameTreeEnumerator.h in Headers */,
				19FF471815449BB400A7C545 /* CKPGNDatabase.h in Headers */,
				199A5125154641B6008FC3E7 /* CKFENHelper.h in Headers */,
				195F99B4154C9F03007C87E1 /* CKPGNTokenizer.h in Headers */,
				195F99B6154C9F03007C87E1 /* Tokens.h in Headers */,
				195F99B9154C9F1E007C87E1 /* CKGameTypes.h in Headers */,
				195F99BC154CA0B7007C87E1 /* CKPGNGameBuilder.h in Headers */,
				195F99C5154CAEA3007C87E1 /* CKSANHelper.h in Headers */,
				1968B1AD1552365B0027DC0E /* CKGameFormatter.h in Headers */,
				191D78C71572D8000052DCDF /* CKGameProvider.h in Headers */,
				191D78CA1572D81A0052DCDF /* CKGameList.h in Headers */,
				19C3584C15BB23BD002A8CB8 /* NSString+FileEncoding.h in Headers */,
				194353A515BB473600C21C55 /* CKFetchRequest.h in Headers */,
				194353A915BB4C2400C21C55 /* CKFetchOperation.h in Headers */,
			);
			runOnlyForDeploymentPostprocessing = 0;
		};
/* End PBXHeadersBuildPhase section */

/* Begin PBXNativeTarget section */
		19F27777146DAAE700B58AB1 /* ChessKit */ = {
			isa = PBXNativeTarget;
			buildConfigurationList = 19F2779C146DAAE700B58AB1 /* Build configuration list for PBXNativeTarget "ChessKit" */;
			buildPhases = (
				19F27774146DAAE700B58AB1 /* Sources */,
				19F27775146DAAE700B58AB1 /* Frameworks */,
				19F27776146DAAE700B58AB1 /* Headers */,
			);
			buildRules = (
			);
			dependencies = (
			);
			name = ChessKit;
			productName = ChessKit;
			productReference = 19F27778146DAAE700B58AB1 /* libChessKit.a */;
			productType = "com.apple.product-type.library.static";
		};
		19F27787146DAAE700B58AB1 /* ChessKitTests */ = {
			isa = PBXNativeTarget;
			buildConfigurationList = 19F2779F146DAAE700B58AB1 /* Build configuration list for PBXNativeTarget "ChessKitTests" */;
			buildPhases = (
				19F27783146DAAE700B58AB1 /* Sources */,
				19F27784146DAAE700B58AB1 /* Frameworks */,
				19F27785146DAAE700B58AB1 /* Resources */,
				19F27786146DAAE700B58AB1 /* ShellScript */,
			);
			buildRules = (
			);
			dependencies = (
				19F2778F146DAAE700B58AB1 /* PBXTargetDependency */,
			);
			name = ChessKitTests;
			productName = ChessKitTests;
			productReference = 19F27788146DAAE700B58AB1 /* ChessKitTests.octest */;
			productType = "com.apple.product-type.bundle";
		};
/* End PBXNativeTarget section */

/* Begin PBXProject section */
		19F2776F146DAAE700B58AB1 /* Project object */ = {
			isa = PBXProject;
			attributes = {
				LastUpgradeCheck = 0420;
				ORGANIZATIONNAME = "Austen Green Consulting";
			};
			buildConfigurationList = 19F27772146DAAE700B58AB1 /* Build configuration list for PBXProject "ChessKit" */;
			compatibilityVersion = "Xcode 3.2";
			developmentRegion = English;
			hasScannedForEncodings = 0;
			knownRegions = (
				en,
			);
			mainGroup = 19F2776D146DAAE700B58AB1;
			productRefGroup = 19F27779146DAAE700B58AB1 /* Products */;
			projectDirPath = "";
			projectReferences = (
				{
					ProductGroup = 191291111559EFCB006F02B2 /* Products */;
					ProjectRef = 191291101559EFCB006F02B2 /* CoreChess.xcodeproj */;
				},
			);
			projectRoot = "";
			targets = (
				19F27777146DAAE700B58AB1 /* ChessKit */,
				19F27787146DAAE700B58AB1 /* ChessKitTests */,
			);
		};
/* End PBXProject section */

/* Begin PBXReferenceProxy section */
		191291161559EFCB006F02B2 /* libCoreChess.a */ = {
			isa = PBXReferenceProxy;
			fileType = archive.ar;
			path = libCoreChess.a;
			remoteRef = 191291151559EFCB006F02B2 /* PBXContainerItemProxy */;
			sourceTree = BUILT_PRODUCTS_DIR;
		};
		191291181559EFCB006F02B2 /* CoreChessTests.octest */ = {
			isa = PBXReferenceProxy;
			fileType = wrapper.cfbundle;
			path = CoreChessTests.octest;
			remoteRef = 191291171559EFCB006F02B2 /* PBXContainerItemProxy */;
			sourceTree = BUILT_PRODUCTS_DIR;
		};
/* End PBXReferenceProxy section */

/* Begin PBXResourcesBuildPhase section */
		19F27785146DAAE700B58AB1 /* Resources */ = {
			isa = PBXResourcesBuildPhase;
			buildActionMask = 2147483647;
			files = (
				19F27796146DAAE700B58AB1 /* InfoPlist.strings in Resources */,
				19FF471B1544A0AD00A7C545 /* 2500.pgn in Resources */,
				19FF47861544AAA200A7C545 /* twic910.pgn in Resources */,
				195F99C2154CA688007C87E1 /* Sample.pgn in Resources */,
				195F99D5154CD5D7007C87E1 /* Variations.pgn in Resources */,
				191D78A01567FEAF0052DCDF /* moscowWC2012.pgn in Resources */,
				19C3584F15BB30CA002A8CB8 /* TestBlackEnPassant.pgn in Resources */,
			);
			runOnlyForDeploymentPostprocessing = 0;
		};
/* End PBXResourcesBuildPhase section */

/* Begin PBXShellScriptBuildPhase section */
		19F27786146DAAE700B58AB1 /* ShellScript */ = {
			isa = PBXShellScriptBuildPhase;
			buildActionMask = 2147483647;
			files = (
			);
			inputPaths = (
			);
			outputPaths = (
			);
			runOnlyForDeploymentPostprocessing = 0;
			shellPath = /bin/sh;
			shellScript = "# Run the unit tests in this test bundle.\n\"${SYSTEM_DEVELOPER_DIR}/Tools/RunUnitTests\"\n";
		};
/* End PBXShellScriptBuildPhase section */

/* Begin PBXSourcesBuildPhase section */
		19F27774146DAAE700B58AB1 /* Sources */ = {
			isa = PBXSourcesBuildPhase;
			buildActionMask = 2147483647;
			files = (
				191FC2181494417D00FB4F8E /* CKPosition.m in Sources */,
				191FC21C1494419000FB4F8E /* CKMutablePosition.m in Sources */,
				191FC2351494625100FB4F8E /* CKMove.m in Sources */,
				191FC24E149472FD00FB4F8E /* CKPosition+Private.m in Sources */,
				1929C29E150BE4D6002A7A49 /* CKDatabase.m in Sources */,
				1929C2A3150BE560002A7A49 /* CKGame.m in Sources */,
				19FF470215446F7000A7C545 /* CKGameTree.m in Sources */,
				19FF47131544820D00A7C545 /* CKGameTreeEnumerator.m in Sources */,
				19FF471915449BB400A7C545 /* CKPGNDatabase.m in Sources */,
				199A5126154641B6008FC3E7 /* CKFENHelper.m in Sources */,
				195F99B5154C9F03007C87E1 /* CKPGNTokenizer.m in Sources */,
				195F99BD154CA0B7007C87E1 /* CKPGNGameBuilder.m in Sources */,
				195F99C6154CAEA3007C87E1 /* CKSANHelper.m in Sources */,
				1968B1AE1552365B0027DC0E /* CKGameFormatter.m in Sources */,
				191D78CB1572D81A0052DCDF /* CKGameList.m in Sources */,
				19C3584D15BB23BD002A8CB8 /* NSString+FileEncoding.m in Sources */,
				194353A615BB473600C21C55 /* CKFetchRequest.m in Sources */,
				194353AA15BB4C2400C21C55 /* CKFetchOperation.m in Sources */,
			);
			runOnlyForDeploymentPostprocessing = 0;
		};
		19F27783146DAAE700B58AB1 /* Sources */ = {
			isa = PBXSourcesBuildPhase;
			buildActionMask = 2147483647;
			files = (
				19F27799146DAAE700B58AB1 /* ChessKitTests.m in Sources */,
				199A5168154C5918008FC3E7 /* FENTestCase.m in Sources */,
				199A516C154C673D008FC3E7 /* PositionTestCase.m in Sources */,
				195F99C0154CA5B2007C87E1 /* CKPGNGameBuilderTestCase.m in Sources */,
				191D78A61567FF4A0052DCDF /* CKPGNDatabaseTestCase.m in Sources */,
				191D78CC1572D81A0052DCDF /* CKGameList.m in Sources */,
			);
			runOnlyForDeploymentPostprocessing = 0;
		};
/* End PBXSourcesBuildPhase section */

/* Begin PBXTargetDependency section */
		19F2778F146DAAE700B58AB1 /* PBXTargetDependency */ = {
			isa = PBXTargetDependency;
			target = 19F27777146DAAE700B58AB1 /* ChessKit */;
			targetProxy = 19F2778E146DAAE700B58AB1 /* PBXContainerItemProxy */;
		};
/* End PBXTargetDependency section */

/* Begin PBXVariantGroup section */
		19F27794146DAAE700B58AB1 /* InfoPlist.strings */ = {
			isa = PBXVariantGroup;
			children = (
				19F27795146DAAE700B58AB1 /* en */,
			);
			name = InfoPlist.strings;
			sourceTree = "<group>";
		};
/* End PBXVariantGroup section */

/* Begin XCBuildConfiguration section */
		19F2779A146DAAE700B58AB1 /* Debug */ = {
			isa = XCBuildConfiguration;
			buildSettings = {
				ALWAYS_SEARCH_USER_PATHS = NO;
				ARCHS = "$(ARCHS_STANDARD_32_BIT)";
				CLANG_ENABLE_OBJC_ARC = YES;
				COPY_PHASE_STRIP = NO;
				GCC_C_LANGUAGE_STANDARD = gnu99;
				GCC_DYNAMIC_NO_PIC = NO;
				GCC_OPTIMIZATION_LEVEL = 0;
				GCC_PREPROCESSOR_DEFINITIONS = (
					"DEBUG=1",
					"$(inherited)",
				);
				GCC_SYMBOLS_PRIVATE_EXTERN = NO;
				GCC_VERSION = com.apple.compilers.llvm.clang.1_0;
				GCC_WARN_ABOUT_MISSING_PROTOTYPES = YES;
				GCC_WARN_ABOUT_RETURN_TYPE = YES;
				GCC_WARN_UNUSED_VARIABLE = YES;
				IPHONEOS_DEPLOYMENT_TARGET = 5.0;
				SDKROOT = iphoneos;
			};
			name = Debug;
		};
		19F2779B146DAAE700B58AB1 /* Release */ = {
			isa = XCBuildConfiguration;
			buildSettings = {
				ALWAYS_SEARCH_USER_PATHS = NO;
				ARCHS = "$(ARCHS_STANDARD_32_BIT)";
				CLANG_ENABLE_OBJC_ARC = YES;
				COPY_PHASE_STRIP = YES;
				GCC_C_LANGUAGE_STANDARD = gnu99;
				GCC_VERSION = com.apple.compilers.llvm.clang.1_0;
				GCC_WARN_ABOUT_MISSING_PROTOTYPES = YES;
				GCC_WARN_ABOUT_RETURN_TYPE = YES;
				GCC_WARN_UNUSED_VARIABLE = YES;
				IPHONEOS_DEPLOYMENT_TARGET = 5.0;
				SDKROOT = iphoneos;
				VALIDATE_PRODUCT = YES;
			};
			name = Release;
		};
		19F2779D146DAAE700B58AB1 /* Debug */ = {
			isa = XCBuildConfiguration;
			buildSettings = {
				DSTROOT = /tmp/ChessKit.dst;
				GCC_PRECOMPILE_PREFIX_HEADER = YES;
				GCC_PREFIX_HEADER = "ChessKit/ChessKit-Prefix.pch";
				OTHER_LDFLAGS = "-ObjC";
				PRODUCT_NAME = "$(TARGET_NAME)";
				SKIP_INSTALL = YES;
			};
			name = Debug;
		};
		19F2779E146DAAE700B58AB1 /* Release */ = {
			isa = XCBuildConfiguration;
			buildSettings = {
				DSTROOT = /tmp/ChessKit.dst;
				GCC_PRECOMPILE_PREFIX_HEADER = YES;
				GCC_PREFIX_HEADER = "ChessKit/ChessKit-Prefix.pch";
				OTHER_LDFLAGS = "-ObjC";
				PRODUCT_NAME = "$(TARGET_NAME)";
				SKIP_INSTALL = YES;
			};
			name = Release;
		};
		19F277A0146DAAE700B58AB1 /* Debug */ = {
			isa = XCBuildConfiguration;
			buildSettings = {
				FRAMEWORK_SEARCH_PATHS = (
					"$(SDKROOT)/Developer/Library/Frameworks",
					"$(DEVELOPER_LIBRARY_DIR)/Frameworks",
				);
				GCC_PRECOMPILE_PREFIX_HEADER = YES;
				GCC_PREFIX_HEADER = "ChessKit/ChessKit-Prefix.pch";
				INFOPLIST_FILE = "ChessKitTests/ChessKitTests-Info.plist";
				PRODUCT_NAME = "$(TARGET_NAME)";
				WRAPPER_EXTENSION = octest;
			};
			name = Debug;
		};
		19F277A1146DAAE700B58AB1 /* Release */ = {
			isa = XCBuildConfiguration;
			buildSettings = {
				FRAMEWORK_SEARCH_PATHS = (
					"$(SDKROOT)/Developer/Library/Frameworks",
					"$(DEVELOPER_LIBRARY_DIR)/Frameworks",
				);
				GCC_PRECOMPILE_PREFIX_HEADER = YES;
				GCC_PREFIX_HEADER = "ChessKit/ChessKit-Prefix.pch";
				INFOPLIST_FILE = "ChessKitTests/ChessKitTests-Info.plist";
				PRODUCT_NAME = "$(TARGET_NAME)";
				WRAPPER_EXTENSION = octest;
			};
			name = Release;
		};
/* End XCBuildConfiguration section */

/* Begin XCConfigurationList section */
		19F27772146DAAE700B58AB1 /* Build configuration list for PBXProject "ChessKit" */ = {
			isa = XCConfigurationList;
			buildConfigurations = (
				19F2779A146DAAE700B58AB1 /* Debug */,
				19F2779B146DAAE700B58AB1 /* Release */,
			);
			defaultConfigurationIsVisible = 0;
			defaultConfigurationName = Release;
		};
		19F2779C146DAAE700B58AB1 /* Build configuration list for PBXNativeTarget "ChessKit" */ = {
			isa = XCConfigurationList;
			buildConfigurations = (
				19F2779D146DAAE700B58AB1 /* Debug */,
				19F2779E146DAAE700B58AB1 /* Release */,
			);
			defaultConfigurationIsVisible = 0;
			defaultConfigurationName = Release;
		};
		19F2779F146DAAE700B58AB1 /* Build configuration list for PBXNativeTarget "ChessKitTests" */ = {
			isa = XCConfigurationList;
			buildConfigurations = (
				19F277A0146DAAE700B58AB1 /* Debug */,
				19F277A1146DAAE700B58AB1 /* Release */,
			);
			defaultConfigurationIsVisible = 0;
			defaultConfigurationName = Release;
		};
/* End XCConfigurationList section */
	};
	rootObject = 19F2776F146DAAE700B58AB1 /* Project object */;
}
